
Microsoft Visual Studio Solution File, Format Version 12.00
# Visual Studio Version 16
VisualStudioVersion = 16.0.30011.22
MinimumVisualStudioVersion = 10.0.40219.1
Project("{9A19103F-16F7-4668-BE54-9A1E7A4F7556}") = "FplApp", "FplApp\FplApp.csproj", "{AD10780F-ABB3-4035-85D7-A1EF649EC376}"
EndProject
Project("{9A19103F-16F7-4668-BE54-9A1E7A4F7556}") = "FplApp.Models", "FplApp.Models\FplApp.Models.csproj", "{A6611D18-EF74-4696-9E32-96570F856E52}"
EndProject
Project("{9A19103F-16F7-4668-BE54-9A1E7A4F7556}") = "FplApp.DataImporter", "FplApp.DataImporter\FplApp.DataImporter.csproj", "{EF331D7C-B8F6-42C9-91B2-45E91A984FD2}"
EndProject
Project("{FAE04EC0-301F-11D3-BF4B-00C04F79EFBC}") = "FplApp.EfCoreDbCommunication", "FplApp.EfCoreDbCommunication\FplApp.EfCoreDbCommunication.csproj", "{25E176F8-3E78-4E63-816E-054B609AC9E5}"
EndProject
Global
	GlobalSection(SolutionConfigurationPlatforms) = preSolution
		Debug|Any CPU = Debug|Any CPU
		Release|Any CPU = Release|Any CPU
	EndGlobalSection
	GlobalSection(ProjectConfigurationPlatforms) = postSolution
		{AD10780F-ABB3-4035-85D7-A1EF649EC376}.Debug|Any CPU.ActiveCfg = Debug|Any CPU
		{AD10780F-ABB3-4035-85D7-A1EF649EC376}.Debug|Any CPU.Build.0 = Debug|Any CPU
		{AD10780F-ABB3-4035-85D7-A1EF649EC376}.Release|Any CPU.ActiveCfg = Release|Any CPU
		{AD10780F-ABB3-4035-85D7-A1EF649EC376}.Release|Any CPU.Build.0 = Release|Any CPU
		{A6611D18-EF74-4696-9E32-96570F856E52}.Debug|Any CPU.ActiveCfg = Debug|Any CPU
		{A6611D18-EF74-4696-9E32-96570F856E52}.Debug|Any CPU.Build.0 = Debug|Any CPU
		{A6611D18-EF74-4696-9E32-96570F856E52}.Release|Any CPU.ActiveCfg = Release|Any CPU
		{A6611D18-EF74-4696-9E32-96570F856E52}.Release|Any CPU.Build.0 = Release|Any CPU
		{EF331D7C-B8F6-42C9-91B2-45E91A984FD2}.Debug|Any CPU.ActiveCfg = Debug|Any CPU
		{EF331D7C-B8F6-42C9-91B2-45E91A984FD2}.Debug|Any CPU.Build.0 = Debug|Any CPU
		{EF331D7C-B8F6-42C9-91B2-45E91A984FD2}.Release|Any CPU.ActiveCfg = Release|Any CPU
		{EF331D7C-B8F6-42C9-91B2-45E91A984FD2}.Release|Any CPU.Build.0 = Release|Any CPU
		{25E176F8-3E78-4E63-816E-054B609AC9E5}.Debug|Any CPU.ActiveCfg = Debug|Any CPU
		{25E176F8-3E78-4E63-816E-054B609AC9E5}.Debug|Any CPU.Build.0 = Debug|Any CPU
		{25E176F8-3E78-4E63-816E-054B609AC9E5}.Release|Any CPU.ActiveCfg = Release|Any CPU
		{25E176F8-3E78-4E63-816E-054B609AC9E5}.Release|Any CPU.Build.0 = Release|Any CPU
	EndGlobalSection
	GlobalSection(SolutionProperties) = preSolution
		HideSolutionNode = FALSE
	EndGlobalSection
	GlobalSection(ExtensibilityGlobals) = postSolution
		SolutionGuid = {1F5EF5BF-60E5-4C04-BE87-CF16F9641C9F}
	EndGlobalSection
EndGlobal
